
Microsoft Visual Studio Solution File, Format Version 12.00
# Visual Studio Version 17
VisualStudioVersion = 17.8.34330.188
MinimumVisualStudioVersion = 10.0.40219.1
Project("{C9674DCB-5085-4A16-B785-4C70DD1589BD}") = "WareHouse", "WareHouse\WareHouse.dtproj", "{3E58936C-F1A9-4524-B9B2-7A2D8A08C12E}"
EndProject
Global
	GlobalSection(SolutionConfigurationPlatforms) = preSolution
		Development|Default = Development|Default
	EndGlobalSection
	GlobalSection(ProjectConfigurationPlatforms) = postSolution
		{3E58936C-F1A9-4524-B9B2-7A2D8A08C12E}.Development|Default.ActiveCfg = Development
		{3E58936C-F1A9-4524-B9B2-7A2D8A08C12E}.Development|Default.Build.0 = Development
	EndGlobalSection
	GlobalSection(SolutionProperties) = preSolution
		HideSolutionNode = FALSE
	EndGlobalSection
	GlobalSection(ExtensibilityGlobals) = postSolution
		SolutionGuid = {57544A6B-097A-4CE1-96E6-81549AE9F750}
	EndGlobalSection
EndGlobal
